
Microsoft Visual Studio Solution File, Format Version 12.00
# Visual Studio Version 17
VisualStudioVersion = 17.8.34525.116
MinimumVisualStudioVersion = 10.0.40219.1
Project("{FAE04EC0-301F-11D3-BF4B-00C04F79EFBC}") = "DataStructuresAndAlgorithms", "DataStructuresAndAlgorithms.csproj", "{AA3091DC-ABD5-4B6D-B34C-6938F4D3BFD4}"
EndProject
Global
	GlobalSection(SolutionConfigurationPlatforms) = preSolution
		Debug|Any CPU = Debug|Any CPU
		Release|Any CPU = Release|Any CPU
	EndGlobalSection
	GlobalSection(ProjectConfigurationPlatforms) = postSolution
		{AA3091DC-ABD5-4B6D-B34C-6938F4D3BFD4}.Debug|Any CPU.ActiveCfg = Debug|Any CPU
		{AA3091DC-ABD5-4B6D-B34C-6938F4D3BFD4}.Debug|Any CPU.Build.0 = Debug|Any CPU
		{AA3091DC-ABD5-4B6D-B34C-6938F4D3BFD4}.Release|Any CPU.ActiveCfg = Release|Any CPU
		{AA3091DC-ABD5-4B6D-B34C-6938F4D3BFD4}.Release|Any CPU.Build.0 = Release|Any CPU
	EndGlobalSection
	GlobalSection(SolutionProperties) = preSolution
		HideSolutionNode = FALSE
	EndGlobalSection
	GlobalSection(ExtensibilityGlobals) = postSolution
		SolutionGuid = {5EC93B61-54E4-40D5-A09B-3AE59E9F71B7}
	EndGlobalSection
EndGlobal
